// !$*UTF8*$!
{
	archiveVersion = 1;
	classes = {
	};
	objectVersion = 50;
	objects = {

/* Begin PBXBuildFile section */
		65220B2C2316355E00B229EC /* AppDelegate.swift in Sources */ = {isa = PBXBuildFile; fileRef = 65220B2B2316355E00B229EC /* AppDelegate.swift */; };
		65220B2E2316355E00B229EC /* ViewController.swift in Sources */ = {isa = PBXBuildFile; fileRef = 65220B2D2316355E00B229EC /* ViewController.swift */; };
		65220B302316356000B229EC /* Assets.xcassets in Resources */ = {isa = PBXBuildFile; fileRef = 65220B2F2316356000B229EC /* Assets.xcassets */; };
		65220B332316356000B229EC /* Main.storyboard in Resources */ = {isa = PBXBuildFile; fileRef = 65220B312316356000B229EC /* Main.storyboard */; };
		65220B3C2316376700B229EC /* VUWaveFormView.swift in Sources */ = {isa = PBXBuildFile; fileRef = 65220B3B2316376700B229EC /* VUWaveFormView.swift */; };
		65220B3F231639BB00B229EC /* piano.caf in Resources */ = {isa = PBXBuildFile; fileRef = 65220B3D231639BB00B229EC /* piano.caf */; };
		65220B40231639BB00B229EC /* sample2.m4a in Resources */ = {isa = PBXBuildFile; fileRef = 65220B3E231639BB00B229EC /* sample2.m4a */; };
		65220B4223163F8B00B229EC /* Sample1.mp3 in Resources */ = {isa = PBXBuildFile; fileRef = 65220B4123163F8B00B229EC /* Sample1.mp3 */; };
		656FF5AD231DB49400BFF1F1 /* WaveFormView.xib in Resources */ = {isa = PBXBuildFile; fileRef = 656FF5AC231DB49400BFF1F1 /* WaveFormView.xib */; };
		65BCAE16231DE6B7003D79B0 /* WaveFormViewBackup.swift in Sources */ = {isa = PBXBuildFile; fileRef = 65BCAE15231DE6B7003D79B0 /* WaveFormViewBackup.swift */; };
/* End PBXBuildFile section */

/* Begin PBXFileReference section */
		65220B282316355E00B229EC /* VUWaveForm.app */ = {isa = PBXFileReference; explicitFileType = wrapper.application; includeInIndex = 0; path = VUWaveForm.app; sourceTree = BUILT_PRODUCTS_DIR; };
		65220B2B2316355E00B229EC /* AppDelegate.swift */ = {isa = PBXFileReference; lastKnownFileType = sourcecode.swift; path = AppDelegate.swift; sourceTree = "<group>"; };
		65220B2D2316355E00B229EC /* ViewController.swift */ = {isa = PBXFileReference; lastKnownFileType = sourcecode.swift; path = ViewController.swift; sourceTree = "<group>"; };
		65220B2F2316356000B229EC /* Assets.xcassets */ = {isa = PBXFileReference; lastKnownFileType = folder.assetcatalog; path = Assets.xcassets; sourceTree = "<group>"; };
		65220B322316356000B229EC /* Base */ = {isa = PBXFileReference; lastKnownFileType = file.storyboard; name = Base; path = Base.lproj/Main.storyboard; sourceTree = "<group>"; };
		65220B342316356000B229EC /* Info.plist */ = {isa = PBXFileReference; lastKnownFileType = text.plist.xml; path = Info.plist; sourceTree = "<group>"; };
		65220B352316356000B229EC /* VUWaveForm.entitlements */ = {isa = PBXFileReference; lastKnownFileType = text.plist.entitlements; path = VUWaveForm.entitlements; sourceTree = "<group>"; };
		65220B3B2316376700B229EC /* VUWaveFormView.swift */ = {isa = PBXFileReference; fileEncoding = 4; lastKnownFileType = sourcecode.swift; path = VUWaveFormView.swift; sourceTree = "<group>"; };
		65220B3D231639BB00B229EC /* piano.caf */ = {isa = PBXFileReference; lastKnownFileType = file; path = piano.caf; sourceTree = "<group>"; };
		65220B3E231639BB00B229EC /* sample2.m4a */ = {isa = PBXFileReference; lastKnownFileType = file; path = sample2.m4a; sourceTree = "<group>"; };
		65220B4123163F8B00B229EC /* Sample1.mp3 */ = {isa = PBXFileReference; lastKnownFileType = audio.mp3; path = Sample1.mp3; sourceTree = "<group>"; };
		656FF5AC231DB49400BFF1F1 /* WaveFormView.xib */ = {isa = PBXFileReference; lastKnownFileType = file.xib; path = WaveFormView.xib; sourceTree = "<group>"; };
		65BCAE15231DE6B7003D79B0 /* WaveFormViewBackup.swift */ = {isa = PBXFileReference; fileEncoding = 4; lastKnownFileType = sourcecode.swift; path = WaveFormViewBackup.swift; sourceTree = "<group>"; };
/* End PBXFileReference section */

/* Begin PBXFrameworksBuildPhase section */
		65220B252316355E00B229EC /* Frameworks */ = {
			isa = PBXFrameworksBuildPhase;
			buildActionMask = 2147483647;
			files = (
			);
			runOnlyForDeploymentPostprocessing = 0;
		};
/* End PBXFrameworksBuildPhase section */

/* Begin PBXGroup section */
		65220B1F2316355E00B229EC = {
			isa = PBXGroup;
			children = (
				65220B2A2316355E00B229EC /* VUWaveForm */,
				65220B292316355E00B229EC /* Products */,
			);
			sourceTree = "<group>";
		};
		65220B292316355E00B229EC /* Products */ = {
			isa = PBXGroup;
			children = (
				65220B282316355E00B229EC /* VUWaveForm.app */,
			);
			name = Products;
			sourceTree = "<group>";
		};
		65220B2A2316355E00B229EC /* VUWaveForm */ = {
			isa = PBXGroup;
			children = (
				65220B2B2316355E00B229EC /* AppDelegate.swift */,
				65220B2D2316355E00B229EC /* ViewController.swift */,
				65220B4123163F8B00B229EC /* Sample1.mp3 */,
				65220B3D231639BB00B229EC /* piano.caf */,
				65220B3E231639BB00B229EC /* sample2.m4a */,
				65220B3B2316376700B229EC /* VUWaveFormView.swift */,
				65BCAE15231DE6B7003D79B0 /* WaveFormViewBackup.swift */,
				65220B2F2316356000B229EC /* Assets.xcassets */,
				65220B312316356000B229EC /* Main.storyboard */,
				65220B342316356000B229EC /* Info.plist */,
				65220B352316356000B229EC /* VUWaveForm.entitlements */,
				656FF5AC231DB49400BFF1F1 /* WaveFormView.xib */,
			);
			path = VUWaveForm;
			sourceTree = "<group>";
		};
/* End PBXGroup section */

/* Begin PBXNativeTarget section */
		65220B272316355E00B229EC /* VUWaveForm */ = {
			isa = PBXNativeTarget;
			buildConfigurationList = 65220B382316356000B229EC /* Build configuration list for PBXNativeTarget "VUWaveForm" */;
			buildPhases = (
				65220B242316355E00B229EC /* Sources */,
				65220B252316355E00B229EC /* Frameworks */,
				65220B262316355E00B229EC /* Resources */,
			);
			buildRules = (
			);
			dependencies = (
			);
			name = VUWaveForm;
			productName = VUWaveForm;
			productReference = 65220B282316355E00B229EC /* VUWaveForm.app */;
			productType = "com.apple.product-type.application";
		};
/* End PBXNativeTarget section */

/* Begin PBXProject section */
		65220B202316355E00B229EC /* Project object */ = {
			isa = PBXProject;
			attributes = {
				LastSwiftUpdateCheck = 1030;
				LastUpgradeCheck = 1030;
				ORGANIZATIONNAME = "Venky UL";
				TargetAttributes = {
					65220B272316355E00B229EC = {
						CreatedOnToolsVersion = 10.3;
						SystemCapabilities = {
							com.apple.Sandbox = {
								enabled = 1;
							};
						};
					};
				};
			};
			buildConfigurationList = 65220B232316355E00B229EC /* Build configuration list for PBXProject "VUWaveForm" */;
			compatibilityVersion = "Xcode 9.3";
			developmentRegion = en;
			hasScannedForEncodings = 0;
			knownRegions = (
				en,
				Base,
			);
			mainGroup = 65220B1F2316355E00B229EC;
			productRefGroup = 65220B292316355E00B229EC /* Products */;
			projectDirPath = "";
			projectRoot = "";
			targets = (
				65220B272316355E00B229EC /* VUWaveForm */,
			);
		};
/* End PBXProject section */

/* Begin PBXResourcesBuildPhase section */
		65220B262316355E00B229EC /* Resources */ = {
			isa = PBXResourcesBuildPhase;
			buildActionMask = 2147483647;
			files = (
				65220B302316356000B229EC /* Assets.xcassets in Resources */,
				65220B332316356000B229EC /* Main.storyboard in Resources */,
				65220B3F231639BB00B229EC /* piano.caf in Resources */,
				656FF5AD231DB49400BFF1F1 /* WaveFormView.xib in Resources */,
				65220B40231639BB00B229EC /* sample2.m4a in Resources */,
				65220B4223163F8B00B229EC /* Sample1.mp3 in Resources */,
			);
			runOnlyForDeploymentPostprocessing = 0;
		};
/* End PBXResourcesBuildPhase section */

/* Begin PBXSourcesBuildPhase section */
		65220B242316355E00B229EC /* Sources */ = {
			isa = PBXSourcesBuildPhase;
			buildActionMask = 2147483647;
			files = (
				65220B3C2316376700B229EC /* VUWaveFormView.swift in Sources */,
				65220B2E2316355E00B229EC /* ViewController.swift in Sources */,
				65220B2C2316355E00B229EC /* AppDelegate.swift in Sources */,
				65BCAE16231DE6B7003D79B0 /* WaveFormViewBackup.swift in Sources */,
			);
			runOnlyForDeploymentPostprocessing = 0;
		};
/* End PBXSourcesBuildPhase section */

/* Begin PBXVariantGroup section */
		65220B312316356000B229EC /* Main.storyboard */ = {
			isa = PBXVariantGroup;
			children = (
				65220B322316356000B229EC /* Base */,
			);
			name = Main.storyboard;
			sourceTree = "<group>";
		};
/* End PBXVariantGroup section */

/* Begin XCBuildConfiguration section */
		65220B362316356000B229EC /* Debug */ = {
			isa = XCBuildConfiguration;
			buildSettings = {
				ALWAYS_SEARCH_USER_PATHS = NO;
				CLANG_ANALYZER_NONNULL = YES;
				CLANG_ANALYZER_NUMBER_OBJECT_CONVERSION = YES_AGGRESSIVE;
				CLANG_CXX_LANGUAGE_STANDARD = "gnu++14";
				CLANG_CXX_LIBRARY = "libc++";
				CLANG_ENABLE_MODULES = YES;
				CLANG_ENABLE_OBJC_ARC = YES;
				CLANG_ENABLE_OBJC_WEAK = YES;
				CLANG_WARN_BLOCK_CAPTURE_AUTORELEASING = YES;
				CLANG_WARN_BOOL_CONVERSION = YES;
				CLANG_WARN_COMMA = YES;
				CLANG_WARN_CONSTANT_CONVERSION = YES;
				CLANG_WARN_DEPRECATED_OBJC_IMPLEMENTATIONS = YES;
				CLANG_WARN_DIRECT_OBJC_ISA_USAGE = YES_ERROR;
				CLANG_WARN_DOCUMENTATION_COMMENTS = YES;
				CLANG_WARN_EMPTY_BODY = YES;
				CLANG_WARN_ENUM_CONVERSION = YES;
				CLANG_WARN_INFINITE_RECURSION = YES;
				CLANG_WARN_INT_CONVERSION = YES;
				CLANG_WARN_NON_LITERAL_NULL_CONVERSION = YES;
				CLANG_WARN_OBJC_IMPLICIT_RETAIN_SELF = YES;
				CLANG_WARN_OBJC_LITERAL_CONVERSION = YES;
				CLANG_WARN_OBJC_ROOT_CLASS = YES_ERROR;
				CLANG_WARN_RANGE_LOOP_ANALYSIS = YES;
				CLANG_WARN_STRICT_PROTOTYPES = YES;
				CLANG_WARN_SUSPICIOUS_MOVE = YES;
				CLANG_WARN_UNGUARDED_AVAILABILITY = YES_AGGRESSIVE;
				CLANG_WARN_UNREACHABLE_CODE = YES;
				CLANG_WARN__DUPLICATE_METHOD_MATCH = YES;
				CODE_SIGN_IDENTITY = "Mac Developer";
				COPY_PHASE_STRIP = NO;
				DEBUG_INFORMATION_FORMAT = dwarf;
				ENABLE_STRICT_OBJC_MSGSEND = YES;
				ENABLE_TESTABILITY = YES;
				GCC_C_LANGUAGE_STANDARD = gnu11;
				GCC_DYNAMIC_NO_PIC = NO;
				GCC_NO_COMMON_BLOCKS = YES;
				GCC_OPTIMIZATION_LEVEL = 0;
				GCC_PREPROCESSOR_DEFINITIONS = (
					"DEBUG=1",
					"$(inherited)",
				);
				GCC_WARN_64_TO_32_BIT_CONVERSION = YES;
				GCC_WARN_ABOUT_RETURN_TYPE = YES_ERROR;
				GCC_WARN_UNDECLARED_SELECTOR = YES;
				GCC_WARN_UNINITIALIZED_AUTOS = YES_AGGRESSIVE;
				GCC_WARN_UNUSED_FUNCTION = YES;
				GCC_WARN_UNUSED_VARIABLE = YES;
				MACOSX_DEPLOYMENT_TARGET = 10.14;
				MTL_ENABLE_DEBUG_INFO = INCLUDE_SOURCE;
				MTL_FAST_MATH = YES;
				ONLY_ACTIVE_ARCH = YES;
				SDKROOT = macosx;
				SWIFT_ACTIVE_COMPILATION_CONDITIONS = DEBUG;
				SWIFT_OPTIMIZATION_LEVEL = "-Onone";
			};
			name = Debug;
		};
		65220B372316356000B229EC /* Release */ = {
			isa = XCBuildConfiguration;
			buildSettings = {
				ALWAYS_SEARCH_USER_PATHS = NO;
				CLANG_ANALYZER_NONNULL = YES;
				CLANG_ANALYZER_NUMBER_OBJECT_CONVERSION = YES_AGGRESSIVE;
				CLANG_CXX_LANGUAGE_STANDARD = "gnu++14";
				CLANG_CXX_LIBRARY = "libc++";
				CLANG_ENABLE_MODULES = YES;
				CLANG_ENABLE_OBJC_ARC = YES;
				CLANG_ENABLE_OBJC_WEAK = YES;
				CLANG_WARN_BLOCK_CAPTURE_AUTORELEASING = YES;
				CLANG_WARN_BOOL_CONVERSION = YES;
				CLANG_WARN_COMMA = YES;
				CLANG_WARN_CONSTANT_CONVERSION = YES;
				CLANG_WARN_DEPRECATED_OBJC_IMPLEMENTATIONS = YES;
				CLANG_WARN_DIRECT_OBJC_ISA_USAGE = YES_ERROR;
				CLANG_WARN_DOCUMENTATION_COMMENTS = YES;
				CLANG_WARN_EMPTY_BODY = YES;
				CLANG_WARN_ENUM_CONVERSION = YES;
				CLANG_WARN_INFINITE_RECURSION = YES;
				CLANG_WARN_INT_CONVERSION = YES;
				CLANG_WARN_NON_LITERAL_NULL_CONVERSION = YES;
				CLANG_WARN_OBJC_IMPLICIT_RETAIN_SELF = YES;
				CLANG_WARN_OBJC_LITERAL_CONVERSION = YES;
				CLANG_WARN_OBJC_ROOT_CLASS = YES_ERROR;
				CLANG_WARN_RANGE_LOOP_ANALYSIS = YES;
				CLANG_WARN_STRICT_PROTOTYPES = YES;
				CLANG_WARN_SUSPICIOUS_MOVE = YES;
				CLANG_WARN_UNGUARDED_AVAILABILITY = YES_AGGRESSIVE;
				CLANG_WARN_UNREACHABLE_CODE = YES;
				CLANG_WARN__DUPLICATE_METHOD_MATCH = YES;
				CODE_SIGN_IDENTITY = "Mac Developer";
				COPY_PHASE_STRIP = NO;
				DEBUG_INFORMATION_FORMAT = "dwarf-with-dsym";
				ENABLE_NS_ASSERTIONS = NO;
				ENABLE_STRICT_OBJC_MSGSEND = YES;
				GCC_C_LANGUAGE_STANDARD = gnu11;
				GCC_NO_COMMON_BLOCKS = YES;
				GCC_WARN_64_TO_32_BIT_CONVERSION = YES;
				GCC_WARN_ABOUT_RETURN_TYPE = YES_ERROR;
				GCC_WARN_UNDECLARED_SELECTOR = YES;
				GCC_WARN_UNINITIALIZED_AUTOS = YES_AGGRESSIVE;
				GCC_WARN_UNUSED_FUNCTION = YES;
				GCC_WARN_UNUSED_VARIABLE = YES;
				MACOSX_DEPLOYMENT_TARGET = 10.14;
				MTL_ENABLE_DEBUG_INFO = NO;
				MTL_FAST_MATH = YES;
				SDKROOT = macosx;
				SWIFT_COMPILATION_MODE = wholemodule;
				SWIFT_OPTIMIZATION_LEVEL = "-O";
			};
			name = Release;
		};
		65220B392316356000B229EC /* Debug */ = {
			isa = XCBuildConfiguration;
			buildSettings = {
				ASSETCATALOG_COMPILER_APPICON_NAME = AppIcon;
				CODE_SIGN_ENTITLEMENTS = VUWaveForm/VUWaveForm.entitlements;
				CODE_SIGN_STYLE = Automatic;
				COMBINE_HIDPI_IMAGES = YES;
				DEVELOPMENT_TEAM = 74757A785Z;
				INFOPLIST_FILE = VUWaveForm/Info.plist;
				LD_RUNPATH_SEARCH_PATHS = (
					"$(inherited)",
					"@executable_path/../Frameworks",
				);
				PRODUCT_BUNDLE_IDENTIFIER = com.venkyul.VUWaveForm;
				PRODUCT_NAME = "$(TARGET_NAME)";
				SWIFT_VERSION = 5.0;
			};
			name = Debug;
		};
		65220B3A2316356000B229EC /* Release */ = {
			isa = XCBuildConfiguration;
			buildSettings = {
				ASSETCATALOG_COMPILER_APPICON_NAME = AppIcon;
				CODE_SIGN_ENTITLEMENTS = VUWaveForm/VUWaveForm.entitlements;
				CODE_SIGN_STYLE = Automatic;
				COMBINE_HIDPI_IMAGES = YES;
				DEVELOPMENT_TEAM = 74757A785Z;
				INFOPLIST_FILE = VUWaveForm/Info.plist;
				LD_RUNPATH_SEARCH_PATHS = (
					"$(inherited)",
					"@executable_path/../Frameworks",
				);
				PRODUCT_BUNDLE_IDENTIFIER = com.venkyul.VUWaveForm;
				PRODUCT_NAME = "$(TARGET_NAME)";
				SWIFT_VERSION = 5.0;
			};
			name = Release;
		};
/* End XCBuildConfiguration section */

/* Begin XCConfigurationList section */
		65220B232316355E00B229EC /* Build configuration list for PBXProject "VUWaveForm" */ = {
			isa = XCConfigurationList;
			buildConfigurations = (
				65220B362316356000B229EC /* Debug */,
				65220B372316356000B229EC /* Release */,
			);
			defaultConfigurationIsVisible = 0;
			defaultConfigurationName = Release;
		};
		65220B382316356000B229EC /* Build configuration list for PBXNativeTarget "VUWaveForm" */ = {
			isa = XCConfigurationList;
			buildConfigurations = (
				65220B392316356000B229EC /* Debug */,
				65220B3A2316356000B229EC /* Release */,
			);
			defaultConfigurationIsVisible = 0;
			defaultConfigurationName = Release;
		};
/* End XCConfigurationList section */
	};
	rootObject = 65220B202316355E00B229EC /* Project object */;
}
